
Microsoft Visual Studio Solution File, Format Version 12.00
# Visual Studio Version 16
VisualStudioVersion = 16.0.30907.101
MinimumVisualStudioVersion = 10.0.40219.1
Project("{9A19103F-16F7-4668-BE54-9A1E7A4F7556}") = "BankSputink", "BankSputink\BankSputink.csproj", "{A5133D82-9697-46D5-9ECC-97208AEF17BE}"
EndProject
Project("{9A19103F-16F7-4668-BE54-9A1E7A4F7556}") = "BankSputink.Test", "BankSputink.Test\BankSputink.Test.csproj", "{8DC3022F-20C6-496B-8BE3-3945144E2184}"
EndProject
Project("{FAE04EC0-301F-11D3-BF4B-00C04F79EFBC}") = "SpaceWeb", "SpaceWeb\SpaceWeb.csproj", "{BD6E6CF7-9369-44D5-B49D-5362AEF1020B}"
EndProject
Global
	GlobalSection(SolutionConfigurationPlatforms) = preSolution
		Debug|Any CPU = Debug|Any CPU
		Release|Any CPU = Release|Any CPU
	EndGlobalSection
	GlobalSection(ProjectConfigurationPlatforms) = postSolution
		{A5133D82-9697-46D5-9ECC-97208AEF17BE}.Debug|Any CPU.ActiveCfg = Debug|Any CPU
		{A5133D82-9697-46D5-9ECC-97208AEF17BE}.Debug|Any CPU.Build.0 = Debug|Any CPU
		{A5133D82-9697-46D5-9ECC-97208AEF17BE}.Release|Any CPU.ActiveCfg = Release|Any CPU
		{A5133D82-9697-46D5-9ECC-97208AEF17BE}.Release|Any CPU.Build.0 = Release|Any CPU
		{8DC3022F-20C6-496B-8BE3-3945144E2184}.Debug|Any CPU.ActiveCfg = Debug|Any CPU
		{8DC3022F-20C6-496B-8BE3-3945144E2184}.Debug|Any CPU.Build.0 = Debug|Any CPU
		{8DC3022F-20C6-496B-8BE3-3945144E2184}.Release|Any CPU.ActiveCfg = Release|Any CPU
		{8DC3022F-20C6-496B-8BE3-3945144E2184}.Release|Any CPU.Build.0 = Release|Any CPU
		{BD6E6CF7-9369-44D5-B49D-5362AEF1020B}.Debug|Any CPU.ActiveCfg = Debug|Any CPU
		{BD6E6CF7-9369-44D5-B49D-5362AEF1020B}.Debug|Any CPU.Build.0 = Debug|Any CPU
		{BD6E6CF7-9369-44D5-B49D-5362AEF1020B}.Release|Any CPU.ActiveCfg = Release|Any CPU
		{BD6E6CF7-9369-44D5-B49D-5362AEF1020B}.Release|Any CPU.Build.0 = Release|Any CPU
	EndGlobalSection
	GlobalSection(SolutionProperties) = preSolution
		HideSolutionNode = FALSE
	EndGlobalSection
	GlobalSection(ExtensibilityGlobals) = postSolution
		SolutionGuid = {9C9606CE-C155-409C-9D94-4051C76B4B76}
	EndGlobalSection
EndGlobal
