
Microsoft Visual Studio Solution File, Format Version 12.00
# Visual Studio Version 16
VisualStudioVersion = 16.0.30907.101
MinimumVisualStudioVersion = 10.0.40219.1
Project("{FAE04EC0-301F-11D3-BF4B-00C04F79EFBC}") = "HumansResources", "HumansResources.csproj", "{F8D595A6-FE66-4A5C-AEE3-9EE556F0ED69}"
EndProject
Project("{FAE04EC0-301F-11D3-BF4B-00C04F79EFBC}") = "HumansResources.Test", "..\HumansResources.Test\HumansResources.Test.csproj", "{70899EBA-B701-4488-86BD-741CFFD2FF3B}"
EndProject
Global
	GlobalSection(SolutionConfigurationPlatforms) = preSolution
		Debug|Any CPU = Debug|Any CPU
		Release|Any CPU = Release|Any CPU
	EndGlobalSection
	GlobalSection(ProjectConfigurationPlatforms) = postSolution
		{F8D595A6-FE66-4A5C-AEE3-9EE556F0ED69}.Debug|Any CPU.ActiveCfg = Debug|Any CPU
		{F8D595A6-FE66-4A5C-AEE3-9EE556F0ED69}.Debug|Any CPU.Build.0 = Debug|Any CPU
		{F8D595A6-FE66-4A5C-AEE3-9EE556F0ED69}.Release|Any CPU.ActiveCfg = Release|Any CPU
		{F8D595A6-FE66-4A5C-AEE3-9EE556F0ED69}.Release|Any CPU.Build.0 = Release|Any CPU
		{70899EBA-B701-4488-86BD-741CFFD2FF3B}.Debug|Any CPU.ActiveCfg = Debug|Any CPU
		{70899EBA-B701-4488-86BD-741CFFD2FF3B}.Debug|Any CPU.Build.0 = Debug|Any CPU
		{70899EBA-B701-4488-86BD-741CFFD2FF3B}.Release|Any CPU.ActiveCfg = Release|Any CPU
		{70899EBA-B701-4488-86BD-741CFFD2FF3B}.Release|Any CPU.Build.0 = Release|Any CPU
	EndGlobalSection
	GlobalSection(SolutionProperties) = preSolution
		HideSolutionNode = FALSE
	EndGlobalSection
	GlobalSection(ExtensibilityGlobals) = postSolution
		SolutionGuid = {A744B77A-BD07-4F28-91D7-11D23CBCD203}
	EndGlobalSection
EndGlobal
